{"1.1.0",
[{<<"cowboy">>,
  {git,"https://github.com/ninenines/cowboy.git",
       {ref,"14a01f71cb495ef6be5e31122857d1e4438cecfe"}},
  0},
 {<<"cowlib">>,
  {git,"https://github.com/ninenines/cowlib",
       {ref,"07cde7c6def6eeed0174b270229e7d5175673d87"}},
  1},
 {<<"epgsql">>,
  {git,"git://github.com/epgsql/epgsql.git",
       {ref,"238a974bd2c6e308a1afbe90842cd78234122777"}},
  0},
 {<<"erlando">>,{pkg,<<"erlando">>,<<"3.1.1">>},0},
 {<<"gun">>,{pkg,<<"gun">>,<<"1.0.0-pre.2">>},0},
 {<<"jiffy">>,
  {git,"https://github.com/davisp/jiffy.git",
       {ref,"a13b9e1ec9849a3bc385fdbd42d5de63c6681bf5"}},
  0},
 {<<"poolboy">>,
  {git,"git://github.com/devinus/poolboy.git",
       {ref,"fa87a6e51534d02c04a118a2f037d0ff296f2309"}},
  0},
 {<<"quickrand">>,{pkg,<<"quickrand">>,<<"1.5.4">>},1},
 {<<"ranch">>,
  {git,"https://github.com/ninenines/ranch",
       {ref,"40809cd2b257a8a53bcb5588ecaa88cc5381ff5c"}},
  1},
 {<<"uuid">>,{pkg,<<"uuid_erl">>,<<"1.5.4">>},0}]}.
[
{pkg_hash,[
 {<<"erlando">>, <<"50E54F9A9DFEC564DDFEB7FC7129F80F491856F5E07686F405CEF4E970BDFE46">>},
 {<<"gun">>, <<"9C7261A32AED26D6EEC69EF7DA15ED2F929C10460D5DEDE805BC5C2436A69CE0">>},
 {<<"quickrand">>, <<"47ADD4755CC5F209CBEFFD6F47C84061196CD7FAD99FD8FD12418EB0D06B939D">>},
 {<<"uuid">>, <<"06240EFF3EAF013CC22274689B0C1FF6345645EE5D47A9E4ED7545EEB7698B23">>}]}
].
