{"1.1.0",
[{<<"epgsql">>,
  {git,"git://github.com/epgsql/epgsql.git",
       {ref,"238a974bd2c6e308a1afbe90842cd78234122777"}},
  0},
 {<<"quickrand">>,{pkg,<<"quickrand">>,<<"1.5.4">>},1},
 {<<"uuid">>,{pkg,<<"uuid_erl">>,<<"1.5.4">>},0}]}.
[
{pkg_hash,[
 {<<"quickrand">>, <<"47ADD4755CC5F209CBEFFD6F47C84061196CD7FAD99FD8FD12418EB0D06B939D">>},
 {<<"uuid">>, <<"06240EFF3EAF013CC22274689B0C1FF6345645EE5D47A9E4ED7545EEB7698B23">>}]}
].
